// !$*UTF8*$!
{
	archiveVersion = 1;
	classes = {
	};
	objectVersion = 46;
	objects = {

/* Begin PBXBuildFile section */
		14ECDE2C1E4D8CB60025A913 /* AppDelegate.swift in Sources */ = {isa = PBXBuildFile; fileRef = 14ECDE2B1E4D8CB60025A913 /* AppDelegate.swift */; };
		14ECDE2E1E4D8CB60025A913 /* ViewController.swift in Sources */ = {isa = PBXBuildFile; fileRef = 14ECDE2D1E4D8CB60025A913 /* ViewController.swift */; };
		14ECDE311E4D8CB60025A913 /* Main.storyboard in Resources */ = {isa = PBXBuildFile; fileRef = 14ECDE2F1E4D8CB60025A913 /* Main.storyboard */; };
		14ECDE331E4D8CB60025A913 /* Assets.xcassets in Resources */ = {isa = PBXBuildFile; fileRef = 14ECDE321E4D8CB60025A913 /* Assets.xcassets */; };
		14ECDE361E4D8CB60025A913 /* LaunchScreen.storyboard in Resources */ = {isa = PBXBuildFile; fileRef = 14ECDE341E4D8CB60025A913 /* LaunchScreen.storyboard */; };
		14ECDE411E4D8CB60025A913 /* Stopwatch_iOSTests.swift in Sources */ = {isa = PBXBuildFile; fileRef = 14ECDE401E4D8CB60025A913 /* Stopwatch_iOSTests.swift */; };
		14ECDE4C1E4D8CB60025A913 /* Stopwatch_iOSUITests.swift in Sources */ = {isa = PBXBuildFile; fileRef = 14ECDE4B1E4D8CB60025A913 /* Stopwatch_iOSUITests.swift */; };
/* End PBXBuildFile section */

/* Begin PBXContainerItemProxy section */
		14ECDE3D1E4D8CB60025A913 /* PBXContainerItemProxy */ = {
			isa = PBXContainerItemProxy;
			containerPortal = 14ECDE201E4D8CB50025A913 /* Project object */;
			proxyType = 1;
			remoteGlobalIDString = 14ECDE271E4D8CB50025A913;
			remoteInfo = Stopwatch_iOS;
		};
		14ECDE481E4D8CB60025A913 /* PBXContainerItemProxy */ = {
			isa = PBXContainerItemProxy;
			containerPortal = 14ECDE201E4D8CB50025A913 /* Project object */;
			proxyType = 1;
			remoteGlobalIDString = 14ECDE271E4D8CB50025A913;
			remoteInfo = Stopwatch_iOS;
		};
/* End PBXContainerItemProxy section */

/* Begin PBXFileReference section */
		14ECDE281E4D8CB50025A913 /* Stopwatch_iOS.app */ = {isa = PBXFileReference; explicitFileType = wrapper.application; includeInIndex = 0; path = Stopwatch_iOS.app; sourceTree = BUILT_PRODUCTS_DIR; };
		14ECDE2B1E4D8CB60025A913 /* AppDelegate.swift */ = {isa = PBXFileReference; lastKnownFileType = sourcecode.swift; path = AppDelegate.swift; sourceTree = "<group>"; };
		14ECDE2D1E4D8CB60025A913 /* ViewController.swift */ = {isa = PBXFileReference; lastKnownFileType = sourcecode.swift; path = ViewController.swift; sourceTree = "<group>"; };
		14ECDE301E4D8CB60025A913 /* Base */ = {isa = PBXFileReference; lastKnownFileType = file.storyboard; name = Base; path = Base.lproj/Main.storyboard; sourceTree = "<group>"; };
		14ECDE321E4D8CB60025A913 /* Assets.xcassets */ = {isa = PBXFileReference; lastKnownFileType = folder.assetcatalog; path = Assets.xcassets; sourceTree = "<group>"; };
		14ECDE351E4D8CB60025A913 /* Base */ = {isa = PBXFileReference; lastKnownFileType = file.storyboard; name = Base; path = Base.lproj/LaunchScreen.storyboard; sourceTree = "<group>"; };
		14ECDE371E4D8CB60025A913 /* Info.plist */ = {isa = PBXFileReference; lastKnownFileType = text.plist.xml; path = Info.plist; sourceTree = "<group>"; };
		14ECDE3C1E4D8CB60025A913 /* Stopwatch_iOSTests.xctest */ = {isa = PBXFileReference; explicitFileType = wrapper.cfbundle; includeInIndex = 0; path = Stopwatch_iOSTests.xctest; sourceTree = BUILT_PRODUCTS_DIR; };
		14ECDE401E4D8CB60025A913 /* Stopwatch_iOSTests.swift */ = {isa = PBXFileReference; lastKnownFileType = sourcecode.swift; path = Stopwatch_iOSTests.swift; sourceTree = "<group>"; };
		14ECDE421E4D8CB60025A913 /* Info.plist */ = {isa = PBXFileReference; lastKnownFileType = text.plist.xml; path = Info.plist; sourceTree = "<group>"; };
		14ECDE471E4D8CB60025A913 /* Stopwatch_iOSUITests.xctest */ = {isa = PBXFileReference; explicitFileType = wrapper.cfbundle; includeInIndex = 0; path = Stopwatch_iOSUITests.xctest; sourceTree = BUILT_PRODUCTS_DIR; };
		14ECDE4B1E4D8CB60025A913 /* Stopwatch_iOSUITests.swift */ = {isa = PBXFileReference; lastKnownFileType = sourcecode.swift; path = Stopwatch_iOSUITests.swift; sourceTree = "<group>"; };
		14ECDE4D1E4D8CB60025A913 /* Info.plist */ = {isa = PBXFileReference; lastKnownFileType = text.plist.xml; path = Info.plist; sourceTree = "<group>"; };
/* End PBXFileReference section */

/* Begin PBXFrameworksBuildPhase section */
		14ECDE251E4D8CB50025A913 /* Frameworks */ = {
			isa = PBXFrameworksBuildPhase;
			buildActionMask = 2147483647;
			files = (
			);
			runOnlyForDeploymentPostprocessing = 0;
		};
		14ECDE391E4D8CB60025A913 /* Frameworks */ = {
			isa = PBXFrameworksBuildPhase;
			buildActionMask = 2147483647;
			files = (
			);
			runOnlyForDeploymentPostprocessing = 0;
		};
		14ECDE441E4D8CB60025A913 /* Frameworks */ = {
			isa = PBXFrameworksBuildPhase;
			buildActionMask = 2147483647;
			files = (
			);
			runOnlyForDeploymentPostprocessing = 0;
		};
/* End PBXFrameworksBuildPhase section */

/* Begin PBXGroup section */
		14ECDE1F1E4D8CB50025A913 = {
			isa = PBXGroup;
			children = (
				14ECDE2A1E4D8CB50025A913 /* Stopwatch_iOS */,
				14ECDE3F1E4D8CB60025A913 /* Stopwatch_iOSTests */,
				14ECDE4A1E4D8CB60025A913 /* Stopwatch_iOSUITests */,
				14ECDE291E4D8CB50025A913 /* Products */,
			);
			sourceTree = "<group>";
		};
		14ECDE291E4D8CB50025A913 /* Products */ = {
			isa = PBXGroup;
			children = (
				14ECDE281E4D8CB50025A913 /* Stopwatch_iOS.app */,
				14ECDE3C1E4D8CB60025A913 /* Stopwatch_iOSTests.xctest */,
				14ECDE471E4D8CB60025A913 /* Stopwatch_iOSUITests.xctest */,
			);
			name = Products;
			sourceTree = "<group>";
		};
		14ECDE2A1E4D8CB50025A913 /* Stopwatch_iOS */ = {
			isa = PBXGroup;
			children = (
				14ECDE2B1E4D8CB60025A913 /* AppDelegate.swift */,
				14ECDE2D1E4D8CB60025A913 /* ViewController.swift */,
				14ECDE2F1E4D8CB60025A913 /* Main.storyboard */,
				14ECDE321E4D8CB60025A913 /* Assets.xcassets */,
				14ECDE341E4D8CB60025A913 /* LaunchScreen.storyboard */,
				14ECDE371E4D8CB60025A913 /* Info.plist */,
			);
			path = Stopwatch_iOS;
			sourceTree = "<group>";
		};
		14ECDE3F1E4D8CB60025A913 /* Stopwatch_iOSTests */ = {
			isa = PBXGroup;
			children = (
				14ECDE401E4D8CB60025A913 /* Stopwatch_iOSTests.swift */,
				14ECDE421E4D8CB60025A913 /* Info.plist */,
			);
			path = Stopwatch_iOSTests;
			sourceTree = "<group>";
		};
		14ECDE4A1E4D8CB60025A913 /* Stopwatch_iOSUITests */ = {
			isa = PBXGroup;
			children = (
				14ECDE4B1E4D8CB60025A913 /* Stopwatch_iOSUITests.swift */,
				14ECDE4D1E4D8CB60025A913 /* Info.plist */,
			);
			path = Stopwatch_iOSUITests;
			sourceTree = "<group>";
		};
/* End PBXGroup section */

/* Begin PBXNativeTarget section */
		14ECDE271E4D8CB50025A913 /* Stopwatch_iOS */ = {
			isa = PBXNativeTarget;
			buildConfigurationList = 14ECDE501E4D8CB60025A913 /* Build configuration list for PBXNativeTarget "Stopwatch_iOS" */;
			buildPhases = (
				14ECDE241E4D8CB50025A913 /* Sources */,
				14ECDE251E4D8CB50025A913 /* Frameworks */,
				14ECDE261E4D8CB50025A913 /* Resources */,
			);
			buildRules = (
			);
			dependencies = (
			);
			name = Stopwatch_iOS;
			productName = Stopwatch_iOS;
			productReference = 14ECDE281E4D8CB50025A913 /* Stopwatch_iOS.app */;
			productType = "com.apple.product-type.application";
		};
		14ECDE3B1E4D8CB60025A913 /* Stopwatch_iOSTests */ = {
			isa = PBXNativeTarget;
			buildConfigurationList = 14ECDE531E4D8CB60025A913 /* Build configuration list for PBXNativeTarget "Stopwatch_iOSTests" */;
			buildPhases = (
				14ECDE381E4D8CB60025A913 /* Sources */,
				14ECDE391E4D8CB60025A913 /* Frameworks */,
				14ECDE3A1E4D8CB60025A913 /* Resources */,
			);
			buildRules = (
			);
			dependencies = (
				14ECDE3E1E4D8CB60025A913 /* PBXTargetDependency */,
			);
			name = Stopwatch_iOSTests;
			productName = Stopwatch_iOSTests;
			productReference = 14ECDE3C1E4D8CB60025A913 /* Stopwatch_iOSTests.xctest */;
			productType = "com.apple.product-type.bundle.unit-test";
		};
		14ECDE461E4D8CB60025A913 /* Stopwatch_iOSUITests */ = {
			isa = PBXNativeTarget;
			buildConfigurationList = 14ECDE561E4D8CB60025A913 /* Build configuration list for PBXNativeTarget "Stopwatch_iOSUITests" */;
			buildPhases = (
				14ECDE431E4D8CB60025A913 /* Sources */,
				14ECDE441E4D8CB60025A913 /* Frameworks */,
				14ECDE451E4D8CB60025A913 /* Resources */,
			);
			buildRules = (
			);
			dependencies = (
				14ECDE491E4D8CB60025A913 /* PBXTargetDependency */,
			);
			name = Stopwatch_iOSUITests;
			productName = Stopwatch_iOSUITests;
			productReference = 14ECDE471E4D8CB60025A913 /* Stopwatch_iOSUITests.xctest */;
			productType = "com.apple.product-type.bundle.ui-testing";
		};
/* End PBXNativeTarget section */

/* Begin PBXProject section */
		14ECDE201E4D8CB50025A913 /* Project object */ = {
			isa = PBXProject;
			attributes = {
				LastSwiftUpdateCheck = 0830;
				LastUpgradeCheck = 0830;
				ORGANIZATIONNAME = "Kentaro Miura";
				TargetAttributes = {
					14ECDE271E4D8CB50025A913 = {
						CreatedOnToolsVersion = 8.3;
						ProvisioningStyle = Automatic;
					};
					14ECDE3B1E4D8CB60025A913 = {
						CreatedOnToolsVersion = 8.3;
						ProvisioningStyle = Automatic;
						TestTargetID = 14ECDE271E4D8CB50025A913;
					};
					14ECDE461E4D8CB60025A913 = {
						CreatedOnToolsVersion = 8.3;
						ProvisioningStyle = Automatic;
						TestTargetID = 14ECDE271E4D8CB50025A913;
					};
				};
			};
			buildConfigurationList = 14ECDE231E4D8CB50025A913 /* Build configuration list for PBXProject "Stopwatch_iOS" */;
			compatibilityVersion = "Xcode 3.2";
			developmentRegion = English;
			hasScannedForEncodings = 0;
			knownRegions = (
				en,
				Base,
			);
			mainGroup = 14ECDE1F1E4D8CB50025A913;
			productRefGroup = 14ECDE291E4D8CB50025A913 /* Products */;
			projectDirPath = "";
			projectRoot = "";
			targets = (
				14ECDE271E4D8CB50025A913 /* Stopwatch_iOS */,
				14ECDE3B1E4D8CB60025A913 /* Stopwatch_iOSTests */,
				14ECDE461E4D8CB60025A913 /* Stopwatch_iOSUITests */,
			);
		};
/* End PBXProject section */

/* Begin PBXResourcesBuildPhase section */
		14ECDE261E4D8CB50025A913 /* Resources */ = {
			isa = PBXResourcesBuildPhase;
			buildActionMask = 2147483647;
			files = (
				14ECDE361E4D8CB60025A913 /* LaunchScreen.storyboard in Resources */,
				14ECDE331E4D8CB60025A913 /* Assets.xcassets in Resources */,
				14ECDE311E4D8CB60025A913 /* Main.storyboard in Resources */,
			);
			runOnlyForDeploymentPostprocessing = 0;
		};
		14ECDE3A1E4D8CB60025A913 /* Resources */ = {
			isa = PBXResourcesBuildPhase;
			buildActionMask = 2147483647;
			files = (
			);
			runOnlyForDeploymentPostprocessing = 0;
		};
		14ECDE451E4D8CB60025A913 /* Resources */ = {
			isa = PBXResourcesBuildPhase;
			buildActionMask = 2147483647;
			files = (
			);
			runOnlyForDeploymentPostprocessing = 0;
		};
/* End PBXResourcesBuildPhase section */

/* Begin PBXSourcesBuildPhase section */
		14ECDE241E4D8CB50025A913 /* Sources */ = {
			isa = PBXSourcesBuildPhase;
			buildActionMask = 2147483647;
			files = (
				14ECDE2E1E4D8CB60025A913 /* ViewController.swift in Sources */,
				14ECDE2C1E4D8CB60025A913 /* AppDelegate.swift in Sources */,
			);
			runOnlyForDeploymentPostprocessing = 0;
		};
		14ECDE381E4D8CB60025A913 /* Sources */ = {
			isa = PBXSourcesBuildPhase;
			buildActionMask = 2147483647;
			files = (
				14ECDE411E4D8CB60025A913 /* Stopwatch_iOSTests.swift in Sources */,
			);
			runOnlyForDeploymentPostprocessing = 0;
		};
		14ECDE431E4D8CB60025A913 /* Sources */ = {
			isa = PBXSourcesBuildPhase;
			buildActionMask = 2147483647;
			files = (
				14ECDE4C1E4D8CB60025A913 /* Stopwatch_iOSUITests.swift in Sources */,
			);
			runOnlyForDeploymentPostprocessing = 0;
		};
/* End PBXSourcesBuildPhase section */

/* Begin PBXTargetDependency section */
		14ECDE3E1E4D8CB60025A913 /* PBXTargetDependency */ = {
			isa = PBXTargetDependency;
			target = 14ECDE271E4D8CB50025A913 /* Stopwatch_iOS */;
			targetProxy = 14ECDE3D1E4D8CB60025A913 /* PBXContainerItemProxy */;
		};
		14ECDE491E4D8CB60025A913 /* PBXTargetDependency */ = {
			isa = PBXTargetDependency;
			target = 14ECDE271E4D8CB50025A913 /* Stopwatch_iOS */;
			targetProxy = 14ECDE481E4D8CB60025A913 /* PBXContainerItemProxy */;
		};
/* End PBXTargetDependency section */

/* Begin PBXVariantGroup section */
		14ECDE2F1E4D8CB60025A913 /* Main.storyboard */ = {
			isa = PBXVariantGroup;
			children = (
				14ECDE301E4D8CB60025A913 /* Base */,
			);
			name = Main.storyboard;
			sourceTree = "<group>";
		};
		14ECDE341E4D8CB60025A913 /* LaunchScreen.storyboard */ = {
			isa = PBXVariantGroup;
			children = (
				14ECDE351E4D8CB60025A913 /* Base */,
			);
			name = LaunchScreen.storyboard;
			sourceTree = "<group>";
		};
/* End PBXVariantGroup section */

/* Begin XCBuildConfiguration section */
		14ECDE4E1E4D8CB60025A913 /* Debug */ = {
			isa = XCBuildConfiguration;
			buildSettings = {
				ALWAYS_SEARCH_USER_PATHS = NO;
				CLANG_ANALYZER_NONNULL = YES;
				CLANG_ANALYZER_NUMBER_OBJECT_CONVERSION = YES_AGGRESSIVE;
				CLANG_CXX_LANGUAGE_STANDARD = "gnu++0x";
				CLANG_CXX_LIBRARY = "libc++";
				CLANG_ENABLE_MODULES = YES;
				CLANG_ENABLE_OBJC_ARC = YES;
				CLANG_WARN_BOOL_CONVERSION = YES;
				CLANG_WARN_CONSTANT_CONVERSION = YES;
				CLANG_WARN_DIRECT_OBJC_ISA_USAGE = YES_ERROR;
				CLANG_WARN_DOCUMENTATION_COMMENTS = YES;
				CLANG_WARN_EMPTY_BODY = YES;
				CLANG_WARN_ENUM_CONVERSION = YES;
				CLANG_WARN_INFINITE_RECURSION = YES;
				CLANG_WARN_INT_CONVERSION = YES;
				CLANG_WARN_OBJC_ROOT_CLASS = YES_ERROR;
				CLANG_WARN_SUSPICIOUS_MOVE = YES;
				CLANG_WARN_UNREACHABLE_CODE = YES;
				CLANG_WARN__DUPLICATE_METHOD_MATCH = YES;
				"CODE_SIGN_IDENTITY[sdk=iphoneos*]" = "iPhone Developer";
				COPY_PHASE_STRIP = NO;
				DEBUG_INFORMATION_FORMAT = dwarf;
				ENABLE_STRICT_OBJC_MSGSEND = YES;
				ENABLE_TESTABILITY = YES;
				GCC_C_LANGUAGE_STANDARD = gnu99;
				GCC_DYNAMIC_NO_PIC = NO;
				GCC_NO_COMMON_BLOCKS = YES;
				GCC_OPTIMIZATION_LEVEL = 0;
				GCC_PREPROCESSOR_DEFINITIONS = (
					"DEBUG=1",
					"$(inherited)",
				);
				GCC_WARN_64_TO_32_BIT_CONVERSION = YES;
				GCC_WARN_ABOUT_RETURN_TYPE = YES_ERROR;
				GCC_WARN_UNDECLARED_SELECTOR = YES;
				GCC_WARN_UNINITIALIZED_AUTOS = YES_AGGRESSIVE;
				GCC_WARN_UNUSED_FUNCTION = YES;
				GCC_WARN_UNUSED_VARIABLE = YES;
				IPHONEOS_DEPLOYMENT_TARGET = 8.0;
				MTL_ENABLE_DEBUG_INFO = YES;
				ONLY_ACTIVE_ARCH = YES;
				SDKROOT = iphoneos;
				SWIFT_ACTIVE_COMPILATION_CONDITIONS = DEBUG;
				SWIFT_OPTIMIZATION_LEVEL = "-Onone";
				TARGETED_DEVICE_FAMILY = "1,2";
			};
			name = Debug;
		};
		14ECDE4F1E4D8CB60025A913 /* Release */ = {
			isa = XCBuildConfiguration;
			buildSettings = {
				ALWAYS_SEARCH_USER_PATHS = NO;
				CLANG_ANALYZER_NONNULL = YES;
				CLANG_ANALYZER_NUMBER_OBJECT_CONVERSION = YES_AGGRESSIVE;
				CLANG_CXX_LANGUAGE_STANDARD = "gnu++0x";
				CLANG_CXX_LIBRARY = "libc++";
				CLANG_ENABLE_MODULES = YES;
				CLANG_ENABLE_OBJC_ARC = YES;
				CLANG_WARN_BOOL_CONVERSION = YES;
				CLANG_WARN_CONSTANT_CONVERSION = YES;
				CLANG_WARN_DIRECT_OBJC_ISA_USAGE = YES_ERROR;
				CLANG_WARN_DOCUMENTATION_COMMENTS = YES;
				CLANG_WARN_EMPTY_BODY = YES;
				CLANG_WARN_ENUM_CONVERSION = YES;
				CLANG_WARN_INFINITE_RECURSION = YES;
				CLANG_WARN_INT_CONVERSION = YES;
				CLANG_WARN_OBJC_ROOT_CLASS = YES_ERROR;
				CLANG_WARN_SUSPICIOUS_MOVE = YES;
				CLANG_WARN_UNREACHABLE_CODE = YES;
				CLANG_WARN__DUPLICATE_METHOD_MATCH = YES;
				"CODE_SIGN_IDENTITY[sdk=iphoneos*]" = "iPhone Developer";
				COPY_PHASE_STRIP = NO;
				DEBUG_INFORMATION_FORMAT = "dwarf-with-dsym";
				ENABLE_NS_ASSERTIONS = NO;
				ENABLE_STRICT_OBJC_MSGSEND = YES;
				GCC_C_LANGUAGE_STANDARD = gnu99;
				GCC_NO_COMMON_BLOCKS = YES;
				GCC_WARN_64_TO_32_BIT_CONVERSION = YES;
				GCC_WARN_ABOUT_RETURN_TYPE = YES_ERROR;
				GCC_WARN_UNDECLARED_SELECTOR = YES;
				GCC_WARN_UNINITIALIZED_AUTOS = YES_AGGRESSIVE;
				GCC_WARN_UNUSED_FUNCTION = YES;
				GCC_WARN_UNUSED_VARIABLE = YES;
				IPHONEOS_DEPLOYMENT_TARGET = 8.0;
				MTL_ENABLE_DEBUG_INFO = NO;
				SDKROOT = iphoneos;
				SWIFT_OPTIMIZATION_LEVEL = "-Owholemodule";
				TARGETED_DEVICE_FAMILY = "1,2";
				VALIDATE_PRODUCT = YES;
			};
			name = Release;
		};
		14ECDE511E4D8CB60025A913 /* Debug */ = {
			isa = XCBuildConfiguration;
			buildSettings = {
				ASSETCATALOG_COMPILER_APPICON_NAME = AppIcon;
				INFOPLIST_FILE = Stopwatch_iOS/Info.plist;
				LD_RUNPATH_SEARCH_PATHS = "$(inherited) @executable_path/Frameworks";
				PRODUCT_BUNDLE_IDENTIFIER = "com.test.Stopwatch-iOS";
				PRODUCT_NAME = "$(TARGET_NAME)";
				SWIFT_VERSION = 3.0;
			};
			name = Debug;
		};
		14ECDE521E4D8CB60025A913 /* Release */ = {
			isa = XCBuildConfiguration;
			buildSettings = {
				ASSETCATALOG_COMPILER_APPICON_NAME = AppIcon;
				INFOPLIST_FILE = Stopwatch_iOS/Info.plist;
				LD_RUNPATH_SEARCH_PATHS = "$(inherited) @executable_path/Frameworks";
				PRODUCT_BUNDLE_IDENTIFIER = "com.test.Stopwatch-iOS";
				PRODUCT_NAME = "$(TARGET_NAME)";
				SWIFT_VERSION = 3.0;
			};
			name = Release;
		};
		14ECDE541E4D8CB60025A913 /* Debug */ = {
			isa = XCBuildConfiguration;
			buildSettings = {
				ALWAYS_EMBED_SWIFT_STANDARD_LIBRARIES = YES;
				BUNDLE_LOADER = "$(TEST_HOST)";
				INFOPLIST_FILE = Stopwatch_iOSTests/Info.plist;
				LD_RUNPATH_SEARCH_PATHS = "$(inherited) @executable_path/Frameworks @loader_path/Frameworks";
				PRODUCT_BUNDLE_IDENTIFIER = "com.test.Stopwatch-iOSTests";
				PRODUCT_NAME = "$(TARGET_NAME)";
				SWIFT_VERSION = 3.0;
				TEST_HOST = "$(BUILT_PRODUCTS_DIR)/Stopwatch_iOS.app/Stopwatch_iOS";
			};
			name = Debug;
		};
		14ECDE551E4D8CB60025A913 /* Release */ = {
			isa = XCBuildConfiguration;
			buildSettings = {
				ALWAYS_EMBED_SWIFT_STANDARD_LIBRARIES = YES;
				BUNDLE_LOADER = "$(TEST_HOST)";
				INFOPLIST_FILE = Stopwatch_iOSTests/Info.plist;
				LD_RUNPATH_SEARCH_PATHS = "$(inherited) @executable_path/Frameworks @loader_path/Frameworks";
				PRODUCT_BUNDLE_IDENTIFIER = "com.test.Stopwatch-iOSTests";
				PRODUCT_NAME = "$(TARGET_NAME)";
				SWIFT_VERSION = 3.0;
				TEST_HOST = "$(BUILT_PRODUCTS_DIR)/Stopwatch_iOS.app/Stopwatch_iOS";
			};
			name = Release;
		};
		14ECDE571E4D8CB60025A913 /* Debug */ = {
			isa = XCBuildConfiguration;
			buildSettings = {
				ALWAYS_EMBED_SWIFT_STANDARD_LIBRARIES = YES;
				INFOPLIST_FILE = Stopwatch_iOSUITests/Info.plist;
				LD_RUNPATH_SEARCH_PATHS = "$(inherited) @executable_path/Frameworks @loader_path/Frameworks";
				PRODUCT_BUNDLE_IDENTIFIER = "com.test.Stopwatch-iOSUITests";
				PRODUCT_NAME = "$(TARGET_NAME)";
				SWIFT_VERSION = 3.0;
				TEST_TARGET_NAME = Stopwatch_iOS;
			};
			name = Debug;
		};
		14ECDE581E4D8CB60025A913 /* Release */ = {
			isa = XCBuildConfiguration;
			buildSettings = {
				ALWAYS_EMBED_SWIFT_STANDARD_LIBRARIES = YES;
				INFOPLIST_FILE = Stopwatch_iOSUITests/Info.plist;
				LD_RUNPATH_SEARCH_PATHS = "$(inherited) @executable_path/Frameworks @loader_path/Frameworks";
				PRODUCT_BUNDLE_IDENTIFIER = "com.test.Stopwatch-iOSUITests";
				PRODUCT_NAME = "$(TARGET_NAME)";
				SWIFT_VERSION = 3.0;
				TEST_TARGET_NAME = Stopwatch_iOS;
			};
			name = Release;
		};
/* End XCBuildConfiguration section */

/* Begin XCConfigurationList section */
		14ECDE231E4D8CB50025A913 /* Build configuration list for PBXProject "Stopwatch_iOS" */ = {
			isa = XCConfigurationList;
			buildConfigurations = (
				14ECDE4E1E4D8CB60025A913 /* Debug */,
				14ECDE4F1E4D8CB60025A913 /* Release */,
			);
			defaultConfigurationIsVisible = 0;
			defaultConfigurationName = Release;
		};
		14ECDE501E4D8CB60025A913 /* Build configuration list for PBXNativeTarget "Stopwatch_iOS" */ = {
			isa = XCConfigurationList;
			buildConfigurations = (
				14ECDE511E4D8CB60025A913 /* Debug */,
				14ECDE521E4D8CB60025A913 /* Release */,
			);
			defaultConfigurationIsVisible = 0;
			defaultConfigurationName = Release;
		};
		14ECDE531E4D8CB60025A913 /* Build configuration list for PBXNativeTarget "Stopwatch_iOSTests" */ = {
			isa = XCConfigurationList;
			buildConfigurations = (
				14ECDE541E4D8CB60025A913 /* Debug */,
				14ECDE551E4D8CB60025A913 /* Release */,
			);
			defaultConfigurationIsVisible = 0;
			defaultConfigurationName = Release;
		};
		14ECDE561E4D8CB60025A913 /* Build configuration list for PBXNativeTarget "Stopwatch_iOSUITests" */ = {
			isa = XCConfigurationList;
			buildConfigurations = (
				14ECDE571E4D8CB60025A913 /* Debug */,
				14ECDE581E4D8CB60025A913 /* Release */,
			);
			defaultConfigurationIsVisible = 0;
			defaultConfigurationName = Release;
		};
/* End XCConfigurationList section */
	};
	rootObject = 14ECDE201E4D8CB50025A913 /* Project object */;
}
